
Microsoft Visual Studio Solution File, Format Version 12.00
# Visual Studio Version 17
VisualStudioVersion = 17.4.33122.133
MinimumVisualStudioVersion = 10.0.40219.1
Project("{2150E333-8FDC-42A3-9474-1A3956D46DE8}") = "1 - Presentation", "1 - Presentation", "{D0700CF4-1923-45DF-B86C-D039490D372B}"
EndProject
Project("{2150E333-8FDC-42A3-9474-1A3956D46DE8}") = "2 - Domain", "2 - Domain", "{D632FA08-035B-436C-AAD5-DA7C273E6EF6}"
EndProject
Project("{2150E333-8FDC-42A3-9474-1A3956D46DE8}") = "3 - Infra", "3 - Infra", "{70A8A08C-ECC8-428E-9A47-92F2D21C925D}"
EndProject
Project("{2150E333-8FDC-42A3-9474-1A3956D46DE8}") = "3.1 - Data", "3.1 - Data", "{C97CC559-D36C-4CFD-B6BF-C730654E5670}"
EndProject
Project("{2150E333-8FDC-42A3-9474-1A3956D46DE8}") = "3.2 - CrossCutting", "3.2 - CrossCutting", "{538B0928-E48B-4127-91CC-41DA07297C9B}"
EndProject
Project("{9A19103F-16F7-4668-BE54-9A1E7A4F7556}") = "MostreOCodigo.Domain", "Source\Components\MostreOCodigo.Domain\MostreOCodigo.Domain.csproj", "{9878A485-641D-4FCA-9991-BA196E5AB077}"
EndProject
Project("{9A19103F-16F7-4668-BE54-9A1E7A4F7556}") = "MostreOCodigo.Data", "Source\Components\MostreOCodigo.Data\MostreOCodigo.Data.csproj", "{280C4B65-70C4-4D1B-806E-A93FE83FEDB5}"
EndProject
Project("{9A19103F-16F7-4668-BE54-9A1E7A4F7556}") = "MostreOCodigo.CrossCutting", "Source\Components\MostreOCodigo.CrossCutting\MostreOCodigo.CrossCutting.csproj", "{0FBB4BEA-B95D-4DE4-B913-A8F753E15D59}"
EndProject
Project("{9A19103F-16F7-4668-BE54-9A1E7A4F7556}") = "MostreOCodigo.App", "Source\WebApp\MostreOCodigo.App\MostreOCodigo.App.csproj", "{2F7B0DBF-3EFA-4E52-9ECC-FD6538D60D2D}"
EndProject
Global
	GlobalSection(SolutionConfigurationPlatforms) = preSolution
		Debug|Any CPU = Debug|Any CPU
		Release|Any CPU = Release|Any CPU
	EndGlobalSection
	GlobalSection(ProjectConfigurationPlatforms) = postSolution
		{9878A485-641D-4FCA-9991-BA196E5AB077}.Debug|Any CPU.ActiveCfg = Debug|Any CPU
		{9878A485-641D-4FCA-9991-BA196E5AB077}.Debug|Any CPU.Build.0 = Debug|Any CPU
		{9878A485-641D-4FCA-9991-BA196E5AB077}.Release|Any CPU.ActiveCfg = Release|Any CPU
		{9878A485-641D-4FCA-9991-BA196E5AB077}.Release|Any CPU.Build.0 = Release|Any CPU
		{280C4B65-70C4-4D1B-806E-A93FE83FEDB5}.Debug|Any CPU.ActiveCfg = Debug|Any CPU
		{280C4B65-70C4-4D1B-806E-A93FE83FEDB5}.Debug|Any CPU.Build.0 = Debug|Any CPU
		{280C4B65-70C4-4D1B-806E-A93FE83FEDB5}.Release|Any CPU.ActiveCfg = Release|Any CPU
		{280C4B65-70C4-4D1B-806E-A93FE83FEDB5}.Release|Any CPU.Build.0 = Release|Any CPU
		{0FBB4BEA-B95D-4DE4-B913-A8F753E15D59}.Debug|Any CPU.ActiveCfg = Debug|Any CPU
		{0FBB4BEA-B95D-4DE4-B913-A8F753E15D59}.Debug|Any CPU.Build.0 = Debug|Any CPU
		{0FBB4BEA-B95D-4DE4-B913-A8F753E15D59}.Release|Any CPU.ActiveCfg = Release|Any CPU
		{0FBB4BEA-B95D-4DE4-B913-A8F753E15D59}.Release|Any CPU.Build.0 = Release|Any CPU
		{2F7B0DBF-3EFA-4E52-9ECC-FD6538D60D2D}.Debug|Any CPU.ActiveCfg = Debug|Any CPU
		{2F7B0DBF-3EFA-4E52-9ECC-FD6538D60D2D}.Debug|Any CPU.Build.0 = Debug|Any CPU
		{2F7B0DBF-3EFA-4E52-9ECC-FD6538D60D2D}.Release|Any CPU.ActiveCfg = Release|Any CPU
		{2F7B0DBF-3EFA-4E52-9ECC-FD6538D60D2D}.Release|Any CPU.Build.0 = Release|Any CPU
	EndGlobalSection
	GlobalSection(SolutionProperties) = preSolution
		HideSolutionNode = FALSE
	EndGlobalSection
	GlobalSection(NestedProjects) = preSolution
		{C97CC559-D36C-4CFD-B6BF-C730654E5670} = {70A8A08C-ECC8-428E-9A47-92F2D21C925D}
		{538B0928-E48B-4127-91CC-41DA07297C9B} = {70A8A08C-ECC8-428E-9A47-92F2D21C925D}
		{9878A485-641D-4FCA-9991-BA196E5AB077} = {D632FA08-035B-436C-AAD5-DA7C273E6EF6}
		{280C4B65-70C4-4D1B-806E-A93FE83FEDB5} = {C97CC559-D36C-4CFD-B6BF-C730654E5670}
		{0FBB4BEA-B95D-4DE4-B913-A8F753E15D59} = {538B0928-E48B-4127-91CC-41DA07297C9B}
		{2F7B0DBF-3EFA-4E52-9ECC-FD6538D60D2D} = {D0700CF4-1923-45DF-B86C-D039490D372B}
	EndGlobalSection
	GlobalSection(ExtensibilityGlobals) = postSolution
		SolutionGuid = {004FD2C4-3532-45E1-B6DE-7D00D1B675E5}
	EndGlobalSection
EndGlobal
